
Microsoft Visual Studio Solution File, Format Version 12.00
# Visual Studio Version 17
VisualStudioVersion = 17.5.002.0
MinimumVisualStudioVersion = 10.0.40219.1
Project("{9A19103F-16F7-4668-BE54-9A1E7A4F7556}") = "backend2", "backend2\backend2.csproj", "{B908F5DC-D15E-499C-9C11-E6764CE02EA2}"
EndProject
Global
	GlobalSection(SolutionConfigurationPlatforms) = preSolution
		Debug|Any CPU = Debug|Any CPU
		Release|Any CPU = Release|Any CPU
	EndGlobalSection
	GlobalSection(ProjectConfigurationPlatforms) = postSolution
		{B908F5DC-D15E-499C-9C11-E6764CE02EA2}.Debug|Any CPU.ActiveCfg = Debug|Any CPU
		{B908F5DC-D15E-499C-9C11-E6764CE02EA2}.Debug|Any CPU.Build.0 = Debug|Any CPU
		{B908F5DC-D15E-499C-9C11-E6764CE02EA2}.Release|Any CPU.ActiveCfg = Release|Any CPU
		{B908F5DC-D15E-499C-9C11-E6764CE02EA2}.Release|Any CPU.Build.0 = Release|Any CPU
	EndGlobalSection
	GlobalSection(SolutionProperties) = preSolution
		HideSolutionNode = FALSE
	EndGlobalSection
	GlobalSection(ExtensibilityGlobals) = postSolution
		SolutionGuid = {CFB5C02C-432D-49B4-AE4F-A296229C493D}
	EndGlobalSection
EndGlobal
